
Microsoft Visual Studio Solution File, Format Version 12.00
# Visual Studio Version 16
VisualStudioVersion = 16.0.30907.101
MinimumVisualStudioVersion = 10.0.40219.1
Project("{FAE04EC0-301F-11D3-BF4B-00C04F79EFBC}") = "ArrayOperation", "ArrayOperation\ArrayOperation.csproj", "{60B62B8A-D462-4A54-BCC1-01F01DD3D09D}"
EndProject
Global
	GlobalSection(SolutionConfigurationPlatforms) = preSolution
		Debug|Any CPU = Debug|Any CPU
		Release|Any CPU = Release|Any CPU
	EndGlobalSection
	GlobalSection(ProjectConfigurationPlatforms) = postSolution
		{60B62B8A-D462-4A54-BCC1-01F01DD3D09D}.Debug|Any CPU.ActiveCfg = Debug|Any CPU
		{60B62B8A-D462-4A54-BCC1-01F01DD3D09D}.Debug|Any CPU.Build.0 = Debug|Any CPU
		{60B62B8A-D462-4A54-BCC1-01F01DD3D09D}.Release|Any CPU.ActiveCfg = Release|Any CPU
		{60B62B8A-D462-4A54-BCC1-01F01DD3D09D}.Release|Any CPU.Build.0 = Release|Any CPU
	EndGlobalSection
	GlobalSection(SolutionProperties) = preSolution
		HideSolutionNode = FALSE
	EndGlobalSection
	GlobalSection(ExtensibilityGlobals) = postSolution
		SolutionGuid = {4593F7D6-2841-4F91-A8FE-741F2EBC89B7}
	EndGlobalSection
EndGlobal
